PATH
  remote: .
  specs:
    rails_mind (0.1.0)
      net-http (>= 0.4, < 1)
      railties (>= 7.2, < 9)

GEM
  remote: https://rubygems.org/
  specs:
    actionpack (8.1.3.1)
      actionview (= 8.1.3.1)
      activesupport (= 8.1.3.1)
      nokogiri (>= 1.8.5)
      rack (>= 2.2.4)
      rack-session (>= 1.0.1)
      rack-test (>= 0.6.3)
      rails-dom-testing (~> 2.2)
      rails-html-sanitizer (~> 1.6)
      useragent (~> 0.16)
    actionview (8.1.3.1)
      activesupport (= 8.1.3.1)
      builder (~> 3.1)
      erubi (~> 1.11)
      rails-dom-testing (~> 2.2)
      rails-html-sanitizer (~> 1.6)
    activejob (8.1.3.1)
      activesupport (= 8.1.3.1)
      globalid (>= 0.3.6)
    activesupport (8.1.3.1)
      base64
      bigdecimal
      concurrent-ruby (~> 1.0, >= 1.3.1)
      connection_pool (>= 2.2.5)
      drb
      i18n (>= 1.6, < 2)
      json
      logger (>= 1.4.2)
      minitest (>= 5.1)
      securerandom (>= 0.3)
      tzinfo (~> 2.0, >= 2.0.5)
      uri (>= 0.13.1)
    ahoy_matey (5.5.0)
      activesupport (>= 7.2)
      cgi
      device_detector (>= 1)
      safely_block (>= 0.4)
    base64 (0.3.0)
    bigdecimal (4.1.3)
    builder (3.3.0)
    cgi (0.5.2)
    concurrent-ruby (1.3.8)
    connection_pool (3.0.2)
    crass (1.0.7)
    device_detector (1.1.3)
    drb (2.2.3)
    erb (6.0.7)
    erubi (1.13.1)
    flipper (1.4.2)
      concurrent-ruby (< 2)
    globalid (1.4.0)
      activesupport (>= 6.1)
    i18n (1.15.2)
      concurrent-ruby (~> 1.0)
    io-console (0.9.3)
    irb (1.18.0)
      pp (>= 0.6.0)
      prism (>= 1.3.0)
      rdoc (>= 4.0.0)
      reline (>= 0.4.2)
    json (2.21.2)
    logger (1.7.0)
    loofah (2.25.2)
      crass (~> 1.0.2)
      nokogiri (>= 1.12.0)
    minitest (6.0.6)
      drb (~> 2.0)
      prism (~> 1.5)
    minitest-mock (5.27.0)
    net-http (0.9.1)
      uri (>= 0.11.1)
    nokogiri (1.19.4-arm64-darwin)
      racc (~> 1.4)
    nokogiri (1.19.4-x86_64-linux-gnu)
      racc (~> 1.4)
    opentelemetry-api (1.11.0)
      logger
    opentelemetry-common (0.25.1)
      opentelemetry-api (~> 1.0)
    opentelemetry-helpers-sql (0.4.0)
      opentelemetry-api (~> 1.7)
    opentelemetry-helpers-sql-processor (0.5.0)
      opentelemetry-api (~> 1.0)
      opentelemetry-common (~> 0.21)
    opentelemetry-instrumentation-action_mailer (0.8.1)
      opentelemetry-instrumentation-active_support (~> 0.10)
    opentelemetry-instrumentation-action_pack (0.18.1)
      opentelemetry-instrumentation-rack (~> 0.29)
    opentelemetry-instrumentation-action_view (0.13.0)
      opentelemetry-instrumentation-active_support (~> 0.10)
    opentelemetry-instrumentation-active_job (0.13.0)
      opentelemetry-instrumentation-base (~> 0.25)
    opentelemetry-instrumentation-active_record (0.13.0)
      opentelemetry-instrumentation-base (~> 0.25)
    opentelemetry-instrumentation-active_storage (0.5.1)
      opentelemetry-instrumentation-active_support (~> 0.10)
    opentelemetry-instrumentation-active_support (0.12.1)
      opentelemetry-instrumentation-base (~> 0.25)
    opentelemetry-instrumentation-base (0.26.1)
      opentelemetry-api (~> 1.7)
      opentelemetry-common (~> 0.21)
      opentelemetry-registry (~> 0.1)
    opentelemetry-instrumentation-concurrent_ruby (0.25.0)
      opentelemetry-instrumentation-base (~> 0.25)
    opentelemetry-instrumentation-net_http (0.29.0)
      opentelemetry-instrumentation-base (~> 0.25)
    opentelemetry-instrumentation-pg (0.37.0)
      opentelemetry-helpers-sql
      opentelemetry-helpers-sql-processor
      opentelemetry-instrumentation-base (~> 0.25)
    opentelemetry-instrumentation-rack (0.31.1)
      opentelemetry-instrumentation-base (~> 0.25)
    opentelemetry-instrumentation-rails (0.42.0)
      opentelemetry-instrumentation-action_mailer (~> 0.7)
      opentelemetry-instrumentation-action_pack (~> 0.17)
      opentelemetry-instrumentation-action_view (~> 0.12)
      opentelemetry-instrumentation-active_job (~> 0.11)
      opentelemetry-instrumentation-active_record (~> 0.12)
      opentelemetry-instrumentation-active_storage (~> 0.4)
      opentelemetry-instrumentation-active_support (~> 0.11)
      opentelemetry-instrumentation-concurrent_ruby (~> 0.25)
    opentelemetry-registry (0.6.3)
      opentelemetry-api (~> 1.1)
    opentelemetry-sdk (1.13.0)
      logger
      opentelemetry-api (~> 1.1)
      opentelemetry-common (~> 0.20)
      opentelemetry-registry (~> 0.2)
      opentelemetry-semantic_conventions
    opentelemetry-semantic_conventions (1.44.0)
      opentelemetry-api (~> 1.0)
    pp (0.6.4)
      prettyprint
    prettyprint (0.2.0)
    prism (1.9.0)
    racc (1.8.1)
    rack (3.2.7)
    rack-session (2.1.2)
      base64 (>= 0.1.0)
      rack (>= 3.0.0)
    rack-test (2.2.0)
      rack (>= 1.3)
    rackup (2.3.1)
      rack (>= 3)
    rails-dom-testing (2.3.0)
      activesupport (>= 5.0.0)
      minitest
      nokogiri (>= 1.6)
    rails-html-sanitizer (1.7.1)
      loofah (~> 2.25, >= 2.25.2)
      nokogiri (>= 1.15.7, != 1.16.7, != 1.16.6, != 1.16.5, != 1.16.4, != 1.16.3, != 1.16.2, != 1.16.1, != 1.16.0.rc1, != 1.16.0)
    railties (8.1.3.1)
      actionpack (= 8.1.3.1)
      activesupport (= 8.1.3.1)
      irb (~> 1.13)
      rackup (>= 1.0.0)
      rake (>= 12.2)
      thor (~> 1.0, >= 1.2.2)
      tsort (>= 0.2)
      zeitwerk (~> 2.6)
    rake (13.4.2)
    rbs (4.2.0)
      logger
      prism (>= 1.6.0)
      tsort
    rdoc (8.0.0)
      erb
      prism (>= 1.6.0)
      rbs (>= 4.0.0)
      tsort
    reline (0.7.0)
      io-console (~> 0.5)
    safely_block (1.0.0)
    securerandom (0.4.1)
    thor (1.5.0)
    tsort (0.2.0)
    tzinfo (2.0.6)
      concurrent-ruby (~> 1.0)
    uri (1.1.1)
    useragent (0.16.11)
    zeitwerk (2.8.3)

PLATFORMS
  arm64-darwin
  x86_64-linux

DEPENDENCIES
  activejob (~> 8.1.3)
  ahoy_matey (~> 5.5)
  flipper (~> 1.4)
  minitest (>= 5.20)
  minitest-mock (~> 5.27)
  opentelemetry-instrumentation-net_http (~> 0.29.0)
  opentelemetry-instrumentation-pg (~> 0.37.0)
  opentelemetry-instrumentation-rails (~> 0.42.0)
  opentelemetry-sdk (~> 1.13)
  rails_mind!
  rake

CHECKSUMS
  actionpack (8.1.3.1) sha256=974cb7154548e81f470b1b0f247b99cb38e87825899dca58610596e2817723d0
  actionview (8.1.3.1) sha256=2da68b8414c47b43bfbed1ce69c5afe1c04f78c267aacb5660a4cab5ca12cfb6
  activejob (8.1.3.1) sha256=1c8dd275df930df40deecffec63d913a550a33fd94bd298f69721dd96939954a
  activesupport (8.1.3.1) sha256=85458765f25ea48b9019c46b6bb3fa5683197bf4280d9f06710a6e8d7a831376
  ahoy_matey (5.5.0) sha256=84280579c1e690233bd0bffa2bdde601b3c4cb0e0cc31684238ef37f1e8cdbc6
  base64 (0.3.0) sha256=27337aeabad6ffae05c265c450490628ef3ebd4b67be58257393227588f5a97b
  bigdecimal (4.1.3) sha256=61ebe1e5e559bdc3cc6f2c0ee7f427321fc838f59611c294356eb04d6e21cf66
  builder (3.3.0) sha256=497918d2f9dca528fdca4b88d84e4ef4387256d984b8154e9d5d3fe5a9c8835f
  bundler (4.0.20) sha256=7978a8ac648767f5e635bc522445b79e80a52b907a39a36c2d8085ed6bc762ae
  cgi (0.5.2) sha256=61ca30298171190fd4fa0d8018e57ada456eae9b7a2b78526debf7f0a0e6f8bb
  concurrent-ruby (1.3.8) sha256=b2f1be836e968ccc78ccfce277ea79c72a88633f22306782c16ff23fb415d1e1
  connection_pool (3.0.2) sha256=33fff5ba71a12d2aa26cb72b1db8bba2a1a01823559fb01d29eb74c286e62e0a
  crass (1.0.7) sha256=94868719948664c89ddcaf0a37c65048413dfcb1c869470a5f7a7ceb5390b295
  device_detector (1.1.3) sha256=c5fe3fe42cab2e8aa01f193b2074b8bb1510373ce47127206f28c7dea75a9c79
  drb (2.2.3) sha256=0b00d6fdb50995fe4a45dea13663493c841112e4068656854646f418fda13373
  erb (6.0.7) sha256=c5ca6dc25b0ef974a44dc8f59fe847577122483b1968a38dec305c60bf91ee92
  erubi (1.13.1) sha256=a082103b0885dbc5ecf1172fede897f9ebdb745a4b97a5e8dc63953db1ee4ad9
  flipper (1.4.2) sha256=dca7d65b5ec660b525b6c599e727219ac4994073c855b41b6656b2d91a9cb304
  globalid (1.4.0) sha256=037f12fbf1d9d7a014d501c2d5c77356fd4ddd96d7a7991d6700bba96706f427
  i18n (1.15.2) sha256=00f9eb62412fe593b2a65a97daa75300d37abb8f7202ec748e94b6d46a9dd1b5
  io-console (0.9.3) sha256=f555049461b0afb78a5448b5be8e7c7b48371347cd48abfc22814764160000dd
  irb (1.18.0) sha256=de9454a0703a54704b9811a5ef31a60c86949fbf4013fcf244fabc7c775248e3
  json (2.21.2) sha256=1f1d3b7cf2b3ba1a69beca0bb6db13d5438b80bff3cd54cdaaa620b9b07c1c6a
  logger (1.7.0) sha256=196edec7cc44b66cfb40f9755ce11b392f21f7967696af15d274dde7edff0203
  loofah (2.25.2) sha256=2007f746959ac65552456e04b433e83deb22759ab38c838b4445c70e43425918
  minitest (6.0.6) sha256=153ea36d1d987a62942382b61075745042a2b3123b1cd48f4c3675af9cc7d6f1
  minitest-mock (5.27.0) sha256=7040ed7185417a966920987eaa6eaf1be4ea1fc5b25bb03ff4703f98564a55b0
  net-http (0.9.1) sha256=25ba0b67c63e89df626ed8fac771d0ad24ad151a858af2cc8e6a716ca4336996
  nokogiri (1.19.4-arm64-darwin) sha256=a46db9853286e6597b36ebc6953817d15acf3a299583eb3f89fdc6f91dd63527
  nokogiri (1.19.4-x86_64-linux-gnu) sha256=379fae440b28915e3f19d752ce2dcf8465ed2b2fbefd2a7ca0dd497bc981a06a
  opentelemetry-api (1.11.0) sha256=218c840170fa473974756668b32b6989570de07c7d3864627960209f189247e2
  opentelemetry-common (0.25.1) sha256=38fe87c751e4e13fcd47a8290b4ad67bbedf76c4ed89aeced5ea5c620e66bfb1
  opentelemetry-helpers-sql (0.4.0) sha256=b10e8c3a2cca28a98af951bbb3e4efdc59e68b25ba0825e055574af543420afb
  opentelemetry-helpers-sql-processor (0.5.0) sha256=b199241bc9451fcbd9f00b2f454830af19d4ca27c2219ea379c9b0d53cd0e0f1
  opentelemetry-instrumentation-action_mailer (0.8.1) sha256=2f2784ca41de0f284b4e3339181cf2ed24ce4e1dfc2751355f0939fcd0872b09
  opentelemetry-instrumentation-action_pack (0.18.1) sha256=0b827d703baa2951458e36f2bdfa4a2cdb17a0130cfb0e1b6fe5d67fadc85c2d
  opentelemetry-instrumentation-action_view (0.13.0) sha256=5b855610d1143972c527d4482d238ecc3d343c8d59e3c1390bad4056317f1568
  opentelemetry-instrumentation-active_job (0.13.0) sha256=42da156924bbabdaca6268be1e46963a04829bd0b2b82fc6e368597a3525cde2
  opentelemetry-instrumentation-active_record (0.13.0) sha256=239fceaae5a42e82dd9dd87bc63b1888bea32058dac0779b5ea36110fcb3a299
  opentelemetry-instrumentation-active_storage (0.5.1) sha256=7acbab82184db6bf00c52fdb4ce7e2f4e6a1c6e3e5585b100d43d5d3e2d69b5b
  opentelemetry-instrumentation-active_support (0.12.1) sha256=c90dc3bb2a02ab614f95bee56f8f14ba6164a7dfaee6f87a2ca3de30fa87413d
  opentelemetry-instrumentation-base (0.26.1) sha256=49e8d35d565e1a13b4a6b794a4cca4ed8c590d9b33bda5244249bd98c8673775
  opentelemetry-instrumentation-concurrent_ruby (0.25.0) sha256=722912e7078e3025a84a25d0b6085702417598c58187c19a762234702cbf7b2d
  opentelemetry-instrumentation-net_http (0.29.0) sha256=fae5eb6a794bbf87fb15752343b74d5cfd2bb830353f42cab3483fd2f3f84fe7
  opentelemetry-instrumentation-pg (0.37.0) sha256=90b29a772bcd2e19f6baf31f2b8741ffaa001c9a5523853896bebf4cbfc3dbc0
  opentelemetry-instrumentation-rack (0.31.1) sha256=29a9c145ce6d3fa2938f30334209787c29b581a51fdb472e2098a1d69e15536a
  opentelemetry-instrumentation-rails (0.42.0) sha256=5ea3808373ca73ee9fa4ecf337471bad1c28e98ea64460b89ab225f5b6eaf8b3
  opentelemetry-registry (0.6.3) sha256=568fa8eaea94394f29f4fce3f0339ab10c3bf6d6c8beed6b3cfee6fd37fcc608
  opentelemetry-sdk (1.13.0) sha256=eea4ab625eb901ecfe1083049862d4853fd16d94029f3cdd16526c81332f0fff
  opentelemetry-semantic_conventions (1.44.0) sha256=b09b8793422f13b01c08f7a6f29b5f511f47f37bcdb57c0513465a0464168513
  pp (0.6.4) sha256=dfcb0fce700c41456265922884f9fe195d7fbb0674a3578e6c0f69588e82b570
  prettyprint (0.2.0) sha256=2bc9e15581a94742064a3cc8b0fb9d45aae3d03a1baa6ef80922627a0766f193
  prism (1.9.0) sha256=7b530c6a9f92c24300014919c9dcbc055bf4cdf51ec30aed099b06cd6674ef85
  racc (1.8.1) sha256=4a7f6929691dbec8b5209a0b373bc2614882b55fc5d2e447a21aaa691303d62f
  rack (3.2.7) sha256=93e13e1c24f93556671d85d2d79fa228c3485815c50d7e2f265b5330c6528fb7
  rack-session (2.1.2) sha256=595434f8c0c3473ae7d7ac56ecda6cc6dfd9d37c0b2b5255330aa1576967ffe8
  rack-test (2.2.0) sha256=005a36692c306ac0b4a9350355ee080fd09ddef1148a5f8b2ac636c720f5c463
  rackup (2.3.1) sha256=6c79c26753778e90983761d677a48937ee3192b3ffef6bc963c0950f94688868
  rails-dom-testing (2.3.0) sha256=8acc7953a7b911ca44588bf08737bc16719f431a1cc3091a292bca7317925c1d
  rails-html-sanitizer (1.7.1) sha256=e797a7c9b01e567307e317c576b49ab4168017e63eea4dba9ce3cb587e2f22c2
  rails_mind (0.1.0)
  railties (8.1.3.1) sha256=2388a232579a00cefea4487de66c8553c3408c1300abdc6cf1799d86ffb04487
  rake (13.4.2) sha256=cb825b2bd5f1f8e91ca37bddb4b9aaf345551b4731da62949be002fa89283701
  rbs (4.2.0) sha256=51f7b886dcc05bc09e10b901daa6a81829f6adc03101d6ca9ea4aac6103e0674
  rdoc (8.0.0) sha256=03bf8c08a9639658855a0cfd77c0abca8325c227693f7f33f82957811348c469
  reline (0.7.0) sha256=5b012d8e55dbf9d450f12bde2cf7d15ff546ae80b3f8f3b30e570d431815583d
  safely_block (1.0.0) sha256=bea80e084e620adeada62fd98cf461bbb9888d40dc0f06d337df9d01e1a658e5
  securerandom (0.4.1) sha256=cc5193d414a4341b6e225f0cb4446aceca8e50d5e1888743fac16987638ea0b1
  thor (1.5.0) sha256=e3a9e55fe857e44859ce104a84675ab6e8cd59c650a49106a05f55f136425e73
  tsort (0.2.0) sha256=9650a793f6859a43b6641671278f79cfead60ac714148aabe4e3f0060480089f
  tzinfo (2.0.6) sha256=8daf828cc77bcf7d63b0e3bdb6caa47e2272dcfaf4fbfe46f8c3a9df087a829b
  uri (1.1.1) sha256=379fa58d27ffb1387eaada68c749d1426738bd0f654d812fcc07e7568f5c57c6
  useragent (0.16.11) sha256=700e6413ad4bb954bb63547fa098dddf7b0ebe75b40cc6f93b8d54255b173844
  zeitwerk (2.8.3) sha256=2c85125a8467ce069e20123d1e709a08955c9d29c118c25b46b7b7fafdbb92e5

BUNDLED WITH
  4.0.20
